# This file is @generated by PDM.
# It is not intended for manual editing.

[metadata]
groups = ["default"]
strategy = ["cross_platform"]
lock_version = "4.4"
content_hash = "sha256:a2610f14c9e96b7b44e1aae19596c06ae8905c3ff0beec4d2bf734cd55cb3d9b"

[[package]]
name = "b"
version = "0.1.0"
path = "../b"
summary = ""
